
Microsoft Visual Studio Solution File, Format Version 12.00
# Visual Studio Version 17
VisualStudioVersion = 17.10.35013.160
MinimumVisualStudioVersion = 10.0.40219.1
Project("{FAE04EC0-301F-11D3-BF4B-00C04F79EFBC}") = "MajonchosAleman2430744", "MajonchosAleman2430744.csproj", "{5B8CF362-7200-48B2-8E33-35AECE4B2A12}"
EndProject
Global
	GlobalSection(SolutionConfigurationPlatforms) = preSolution
		Debug|Any CPU = Debug|Any CPU
		Release|Any CPU = Release|Any CPU
	EndGlobalSection
	GlobalSection(ProjectConfigurationPlatforms) = postSolution
		{5B8CF362-7200-48B2-8E33-35AECE4B2A12}.Debug|Any CPU.ActiveCfg = Debug|Any CPU
		{5B8CF362-7200-48B2-8E33-35AECE4B2A12}.Debug|Any CPU.Build.0 = Debug|Any CPU
		{5B8CF362-7200-48B2-8E33-35AECE4B2A12}.Release|Any CPU.ActiveCfg = Release|Any CPU
		{5B8CF362-7200-48B2-8E33-35AECE4B2A12}.Release|Any CPU.Build.0 = Release|Any CPU
	EndGlobalSection
	GlobalSection(SolutionProperties) = preSolution
		HideSolutionNode = FALSE
	EndGlobalSection
	GlobalSection(ExtensibilityGlobals) = postSolution
		SolutionGuid = {2268D2A8-343D-455D-8510-65CD2C93556B}
	EndGlobalSection
EndGlobal
